
Microsoft Visual Studio Solution File, Format Version 12.00
# Visual Studio Version 17
VisualStudioVersion = 17.0.32002.185
MinimumVisualStudioVersion = 10.0.40219.1
Project("{FAE04EC0-301F-11D3-BF4B-00C04F79EFBC}") = "MathCore.DI", "MathCore.DI\MathCore.DI.csproj", "{65BCF98B-C0FE-4E9D-B18E-E51870108306}"
EndProject
Global
	GlobalSection(SolutionConfigurationPlatforms) = preSolution
		Debug|Any CPU = Debug|Any CPU
		Release|Any CPU = Release|Any CPU
	EndGlobalSection
	GlobalSection(ProjectConfigurationPlatforms) = postSolution
		{65BCF98B-C0FE-4E9D-B18E-E51870108306}.Debug|Any CPU.ActiveCfg = Debug|Any CPU
		{65BCF98B-C0FE-4E9D-B18E-E51870108306}.Debug|Any CPU.Build.0 = Debug|Any CPU
		{65BCF98B-C0FE-4E9D-B18E-E51870108306}.Release|Any CPU.ActiveCfg = Release|Any CPU
		{65BCF98B-C0FE-4E9D-B18E-E51870108306}.Release|Any CPU.Build.0 = Release|Any CPU
	EndGlobalSection
	GlobalSection(SolutionProperties) = preSolution
		HideSolutionNode = FALSE
	EndGlobalSection
	GlobalSection(ExtensibilityGlobals) = postSolution
		SolutionGuid = {110FB373-40E3-49A0-ADAC-0BD19650F21C}
	EndGlobalSection
EndGlobal
